
Microsoft Visual Studio Solution File, Format Version 12.00
# Visual Studio Version 16
VisualStudioVersion = 16.0.31911.196
MinimumVisualStudioVersion = 10.0.40219.1
Project("{FAE04EC0-301F-11D3-BF4B-00C04F79EFBC}") = "Massiv3", "Massiv3.csproj", "{7B40771E-0366-406F-B34A-B766AE95C31C}"
EndProject
Global
	GlobalSection(SolutionConfigurationPlatforms) = preSolution
		Debug|Any CPU = Debug|Any CPU
		Release|Any CPU = Release|Any CPU
	EndGlobalSection
	GlobalSection(ProjectConfigurationPlatforms) = postSolution
		{7B40771E-0366-406F-B34A-B766AE95C31C}.Debug|Any CPU.ActiveCfg = Debug|Any CPU
		{7B40771E-0366-406F-B34A-B766AE95C31C}.Debug|Any CPU.Build.0 = Debug|Any CPU
		{7B40771E-0366-406F-B34A-B766AE95C31C}.Release|Any CPU.ActiveCfg = Release|Any CPU
		{7B40771E-0366-406F-B34A-B766AE95C31C}.Release|Any CPU.Build.0 = Release|Any CPU
	EndGlobalSection
	GlobalSection(SolutionProperties) = preSolution
		HideSolutionNode = FALSE
	EndGlobalSection
	GlobalSection(ExtensibilityGlobals) = postSolution
		SolutionGuid = {FD109350-93A1-4AD8-8788-1429194386ED}
	EndGlobalSection
EndGlobal
